
Microsoft Visual Studio Solution File, Format Version 12.00
# Visual Studio 2013
VisualStudioVersion = 12.0.40629.0
MinimumVisualStudioVersion = 10.0.40219.1
Project("{8BC9CEB8-8B4A-11D0-8D11-00A0C91BC942}") = "1014_Trie树", "1014_Trie树\1014_Trie树.vcxproj", "{65D22C7B-F58B-491D-BC6E-E0358F2E1983}"
EndProject
Project("{8BC9CEB8-8B4A-11D0-8D11-00A0C91BC942}") = "1015_KMP算法", "1015_KMP算法\1015_KMP算法.vcxproj", "{B14917EE-3546-4778-9B80-AD3A7E52AF2A}"
EndProject
Project("{8BC9CEB8-8B4A-11D0-8D11-00A0C91BC942}") = "1032_最长回文子串", "1032_最长回文子串\1032_最长回文子串.vcxproj", "{BBB45FD2-B913-407A-BBAB-1113B821CAD0}"
EndProject
Project("{8BC9CEB8-8B4A-11D0-8D11-00A0C91BC942}") = "0000_temp", "0000_temp\0000_temp.vcxproj", "{4A35D6D7-0191-4B8D-8271-B2279D6CB7CA}"
EndProject
Project("{8BC9CEB8-8B4A-11D0-8D11-00A0C91BC942}") = "1033_Alternating Sums", "1033_Alternating Sums\1033_Alternating Sums.vcxproj", "{1FCEA2F5-98DB-41BF-8583-82D4931197EB}"
EndProject
Global
	GlobalSection(SolutionConfigurationPlatforms) = preSolution
		Debug|Win32 = Debug|Win32
		Release|Win32 = Release|Win32
	EndGlobalSection
	GlobalSection(ProjectConfigurationPlatforms) = postSolution
		{65D22C7B-F58B-491D-BC6E-E0358F2E1983}.Debug|Win32.ActiveCfg = Debug|Win32
		{65D22C7B-F58B-491D-BC6E-E0358F2E1983}.Debug|Win32.Build.0 = Debug|Win32
		{65D22C7B-F58B-491D-BC6E-E0358F2E1983}.Release|Win32.ActiveCfg = Release|Win32
		{65D22C7B-F58B-491D-BC6E-E0358F2E1983}.Release|Win32.Build.0 = Release|Win32
		{B14917EE-3546-4778-9B80-AD3A7E52AF2A}.Debug|Win32.ActiveCfg = Debug|Win32
		{B14917EE-3546-4778-9B80-AD3A7E52AF2A}.Debug|Win32.Build.0 = Debug|Win32
		{B14917EE-3546-4778-9B80-AD3A7E52AF2A}.Release|Win32.ActiveCfg = Release|Win32
		{B14917EE-3546-4778-9B80-AD3A7E52AF2A}.Release|Win32.Build.0 = Release|Win32
		{BBB45FD2-B913-407A-BBAB-1113B821CAD0}.Debug|Win32.ActiveCfg = Debug|Win32
		{BBB45FD2-B913-407A-BBAB-1113B821CAD0}.Debug|Win32.Build.0 = Debug|Win32
		{BBB45FD2-B913-407A-BBAB-1113B821CAD0}.Release|Win32.ActiveCfg = Release|Win32
		{BBB45FD2-B913-407A-BBAB-1113B821CAD0}.Release|Win32.Build.0 = Release|Win32
		{4A35D6D7-0191-4B8D-8271-B2279D6CB7CA}.Debug|Win32.ActiveCfg = Debug|Win32
		{4A35D6D7-0191-4B8D-8271-B2279D6CB7CA}.Debug|Win32.Build.0 = Debug|Win32
		{4A35D6D7-0191-4B8D-8271-B2279D6CB7CA}.Release|Win32.ActiveCfg = Release|Win32
		{4A35D6D7-0191-4B8D-8271-B2279D6CB7CA}.Release|Win32.Build.0 = Release|Win32
		{1FCEA2F5-98DB-41BF-8583-82D4931197EB}.Debug|Win32.ActiveCfg = Debug|Win32
		{1FCEA2F5-98DB-41BF-8583-82D4931197EB}.Debug|Win32.Build.0 = Debug|Win32
		{1FCEA2F5-98DB-41BF-8583-82D4931197EB}.Release|Win32.ActiveCfg = Release|Win32
		{1FCEA2F5-98DB-41BF-8583-82D4931197EB}.Release|Win32.Build.0 = Release|Win32
	EndGlobalSection
	GlobalSection(SolutionProperties) = preSolution
		HideSolutionNode = FALSE
	EndGlobalSection
EndGlobal
